Microsoft Visual Studio Solution File, Format Version 12.00
# Visual Studio Version 17
VisualStudioVersion = 17.5.2.0
MinimumVisualStudioVersion = 10.0.40219.1
Project("{FAE04EC0-301F-11D3-BF4B-00C04F79EFBC}") = "InterpretadorRepl", "InterpretadorRepl\InterpretadorRepl.csproj", "{5A058CC0-42AA-72C7-E05A-0E694CA4AAE4}"
EndProject
Global
	GlobalSection(SolutionConfigurationPlatforms) = preSolution
		Debug|Any CPU = Debug|Any CPU
		Release|Any CPU = Release|Any CPU
	EndGlobalSection
	GlobalSection(ProjectConfigurationPlatforms) = postSolution
		{5A058CC0-42AA-72C7-E05A-0E694CA4AAE4}.Debug|Any CPU.ActiveCfg = Debug|Any CPU
		{5A058CC0-42AA-72C7-E05A-0E694CA4AAE4}.Debug|Any CPU.Build.0 = Debug|Any CPU
		{5A058CC0-42AA-72C7-E05A-0E694CA4AAE4}.Release|Any CPU.ActiveCfg = Release|Any CPU
		{5A058CC0-42AA-72C7-E05A-0E694CA4AAE4}.Release|Any CPU.Build.0 = Release|Any CPU
	EndGlobalSection
	GlobalSection(SolutionProperties) = preSolution
		HideSolutionNode = FALSE
	EndGlobalSection
	GlobalSection(ExtensibilityGlobals) = postSolution
		SolutionGuid = {7C1A5A8B-9526-4913-A90F-9B39A3A8D15A}
	EndGlobalSection
EndGlobal
